
Microsoft Visual Studio Solution File, Format Version 12.00
# Visual Studio Version 16
VisualStudioVersion = 16.0.30907.101
MinimumVisualStudioVersion = 10.0.40219.1
Project("{9A19103F-16F7-4668-BE54-9A1E7A4F7556}") = "Defi.Utils.ConsoleTests", "Defi.Utils.ConsoleTests\Defi.Utils.ConsoleTests.csproj", "{F29D0585-F559-4DED-AF89-6A5CF417371E}"
EndProject
Project("{FAE04EC0-301F-11D3-BF4B-00C04F79EFBC}") = "Defi.Utils.Parser", "Defi.Utils.Parser\Defi.Utils.Parser.csproj", "{968821EE-40AA-4D47-96E3-8F2B712549F9}"
EndProject
Global
	GlobalSection(SolutionConfigurationPlatforms) = preSolution
		Debug|Any CPU = Debug|Any CPU
		Release|Any CPU = Release|Any CPU
	EndGlobalSection
	GlobalSection(ProjectConfigurationPlatforms) = postSolution
		{F29D0585-F559-4DED-AF89-6A5CF417371E}.Debug|Any CPU.ActiveCfg = Debug|Any CPU
		{F29D0585-F559-4DED-AF89-6A5CF417371E}.Debug|Any CPU.Build.0 = Debug|Any CPU
		{F29D0585-F559-4DED-AF89-6A5CF417371E}.Release|Any CPU.ActiveCfg = Release|Any CPU
		{F29D0585-F559-4DED-AF89-6A5CF417371E}.Release|Any CPU.Build.0 = Release|Any CPU
		{968821EE-40AA-4D47-96E3-8F2B712549F9}.Debug|Any CPU.ActiveCfg = Debug|Any CPU
		{968821EE-40AA-4D47-96E3-8F2B712549F9}.Debug|Any CPU.Build.0 = Debug|Any CPU
		{968821EE-40AA-4D47-96E3-8F2B712549F9}.Release|Any CPU.ActiveCfg = Release|Any CPU
		{968821EE-40AA-4D47-96E3-8F2B712549F9}.Release|Any CPU.Build.0 = Release|Any CPU
	EndGlobalSection
	GlobalSection(SolutionProperties) = preSolution
		HideSolutionNode = FALSE
	EndGlobalSection
	GlobalSection(ExtensibilityGlobals) = postSolution
		SolutionGuid = {F55CDE17-7DFC-46A5-ACA1-3A99FE667C33}
	EndGlobalSection
EndGlobal
